
Microsoft Visual Studio Solution File, Format Version 12.00
# Visual Studio Version 17
VisualStudioVersion = 17.6.33815.320
MinimumVisualStudioVersion = 10.0.40219.1
Project("{FAE04EC0-301F-11D3-BF4B-00C04F79EFBC}") = "Medsoft", "Medsoft\Medsoft.csproj", "{D22D0784-4623-4416-BB8B-60C1D2CD3EBF}"
EndProject
Global
	GlobalSection(SolutionConfigurationPlatforms) = preSolution
		Debug|Any CPU = Debug|Any CPU
		Release|Any CPU = Release|Any CPU
	EndGlobalSection
	GlobalSection(ProjectConfigurationPlatforms) = postSolution
		{D22D0784-4623-4416-BB8B-60C1D2CD3EBF}.Debug|Any CPU.ActiveCfg = Debug|Any CPU
		{D22D0784-4623-4416-BB8B-60C1D2CD3EBF}.Debug|Any CPU.Build.0 = Debug|Any CPU
		{D22D0784-4623-4416-BB8B-60C1D2CD3EBF}.Release|Any CPU.ActiveCfg = Release|Any CPU
		{D22D0784-4623-4416-BB8B-60C1D2CD3EBF}.Release|Any CPU.Build.0 = Release|Any CPU
	EndGlobalSection
	GlobalSection(SolutionProperties) = preSolution
		HideSolutionNode = FALSE
	EndGlobalSection
	GlobalSection(ExtensibilityGlobals) = postSolution
		SolutionGuid = {2F70618A-F38B-4BE5-BDF0-73B0A494094F}
	EndGlobalSection
EndGlobal
